
Microsoft Visual Studio Solution File, Format Version 12.00
# Visual Studio Version 17
VisualStudioVersion = 17.2.32505.173
MinimumVisualStudioVersion = 10.0.40219.1
Project("{FAE04EC0-301F-11D3-BF4B-00C04F79EFBC}") = "SimpleCalculator", "SimpleCalculator\SimpleCalculator.csproj", "{E23B1B39-35CE-45F2-88DB-E43708AF9F02}"
EndProject
Global
	GlobalSection(SolutionConfigurationPlatforms) = preSolution
		Debug|Any CPU = Debug|Any CPU
		Release|Any CPU = Release|Any CPU
	EndGlobalSection
	GlobalSection(ProjectConfigurationPlatforms) = postSolution
		{E23B1B39-35CE-45F2-88DB-E43708AF9F02}.Debug|Any CPU.ActiveCfg = Debug|Any CPU
		{E23B1B39-35CE-45F2-88DB-E43708AF9F02}.Debug|Any CPU.Build.0 = Debug|Any CPU
		{E23B1B39-35CE-45F2-88DB-E43708AF9F02}.Release|Any CPU.ActiveCfg = Release|Any CPU
		{E23B1B39-35CE-45F2-88DB-E43708AF9F02}.Release|Any CPU.Build.0 = Release|Any CPU
	EndGlobalSection
	GlobalSection(SolutionProperties) = preSolution
		HideSolutionNode = FALSE
	EndGlobalSection
	GlobalSection(ExtensibilityGlobals) = postSolution
		SolutionGuid = {D98076B9-D3BD-4E3F-A5DE-001F439329F3}
	EndGlobalSection
EndGlobal
